{
  "name": "nodejsandmongodb-2",
  "version": "1.0.0",
  "lockfileVersion": 1,
  "requires": true,
  "dependencies": {
    "express-rate-limit": {
      "version": "5.2.6",
      "resolved": "https://registry.npmjs.org/express-rate-limit/-/express-rate-limit-5.2.6.tgz",
      "integrity": "sha512-nE96xaxGfxiS5jP3tD3kIW1Jg9yQgX0rXCs3rCkZtmbWHEGyotwaezkLj7bnB41Z0uaOLM8W4AX6qHao4IZ2YA=="
    }
  }
}
